
Microsoft Visual Studio Solution File, Format Version 12.00
# Visual Studio 15
VisualStudioVersion = 15.0.27004.2006
MinimumVisualStudioVersion = 10.0.40219.1
Project("{FAE04EC0-301F-11D3-BF4B-00C04F79EFBC}") = "OnlineShoppingStore.Domain", "OnlineShoppingStore.Domain\OnlineShoppingStore.Domain.csproj", "{3A61E086-AC86-4BAB-B419-1B7CC1D25153}"
EndProject
Project("{FAE04EC0-301F-11D3-BF4B-00C04F79EFBC}") = "OnlineShoppingStore.WebUI", "OnlineShoppingStore.WebUI\OnlineShoppingStore.WebUI.csproj", "{058ED761-3F33-4D49-A065-21DC50447DAC}"
EndProject
Global
	GlobalSection(SolutionConfigurationPlatforms) = preSolution
		Debug|Any CPU = Debug|Any CPU
		Release|Any CPU = Release|Any CPU
	EndGlobalSection
	GlobalSection(ProjectConfigurationPlatforms) = postSolution
		{3A61E086-AC86-4BAB-B419-1B7CC1D25153}.Debug|Any CPU.ActiveCfg = Debug|Any CPU
		{3A61E086-AC86-4BAB-B419-1B7CC1D25153}.Debug|Any CPU.Build.0 = Debug|Any CPU
		{3A61E086-AC86-4BAB-B419-1B7CC1D25153}.Release|Any CPU.ActiveCfg = Release|Any CPU
		{3A61E086-AC86-4BAB-B419-1B7CC1D25153}.Release|Any CPU.Build.0 = Release|Any CPU
		{058ED761-3F33-4D49-A065-21DC50447DAC}.Debug|Any CPU.ActiveCfg = Debug|Any CPU
		{058ED761-3F33-4D49-A065-21DC50447DAC}.Debug|Any CPU.Build.0 = Debug|Any CPU
		{058ED761-3F33-4D49-A065-21DC50447DAC}.Release|Any CPU.ActiveCfg = Release|Any CPU
		{058ED761-3F33-4D49-A065-21DC50447DAC}.Release|Any CPU.Build.0 = Release|Any CPU
	EndGlobalSection
	GlobalSection(SolutionProperties) = preSolution
		HideSolutionNode = FALSE
	EndGlobalSection
	GlobalSection(ExtensibilityGlobals) = postSolution
		SolutionGuid = {8828FB20-0A04-4C2C-8A46-6D535607767B}
	EndGlobalSection
EndGlobal
